// !$*UTF8*$!
{
	archiveVersion = 1;
	classes = {
	};
	objectVersion = 50;
	objects = {

/* Begin PBXBuildFile section */
		E741F1052421D7690029EC1D /* LanguageCenterViewController.m in Sources */ = {isa = PBXBuildFile; fileRef = E741F1042421D7690029EC1D /* LanguageCenterViewController.m */; };
		E741F1092421F33B0029EC1D /* JLConfigManager.m in Sources */ = {isa = PBXBuildFile; fileRef = E741F1082421F33B0029EC1D /* JLConfigManager.m */; };
		E741F10C2421F6B80029EC1D /* CALayer+Extension.m in Sources */ = {isa = PBXBuildFile; fileRef = E741F10B2421F6B80029EC1D /* CALayer+Extension.m */; };
		E741F1102421FBEB0029EC1D /* KKUserDetailHeaderView.xib in Resources */ = {isa = PBXBuildFile; fileRef = E741F10D2421FBEB0029EC1D /* KKUserDetailHeaderView.xib */; };
		E741F1112421FBEB0029EC1D /* KKUserDetailHeaderView.m in Sources */ = {isa = PBXBuildFile; fileRef = E741F10F2421FBEB0029EC1D /* KKUserDetailHeaderView.m */; };
		E741F115242213B20029EC1D /* JLContentTableViewController.m in Sources */ = {isa = PBXBuildFile; fileRef = E741F114242213B20029EC1D /* JLContentTableViewController.m */; };
		E76BBCC8241F24F000A6DBE0 /* JLBadgeView.m in Sources */ = {isa = PBXBuildFile; fileRef = E76BBCC7241F24F000A6DBE0 /* JLBadgeView.m */; };
		E76BBCD4241F6FB100A6DBE0 /* JLSegementSlideContentView.m in Sources */ = {isa = PBXBuildFile; fileRef = E76BBCD3241F6FB100A6DBE0 /* JLSegementSlideContentView.m */; };
		E76BBCD7241F8D8300A6DBE0 /* JLSegementSlideHeaderView.m in Sources */ = {isa = PBXBuildFile; fileRef = E76BBCD6241F8D8300A6DBE0 /* JLSegementSlideHeaderView.m */; };
		E76BBCDE241F943200A6DBE0 /* JLSegementSlideScrollView.m in Sources */ = {isa = PBXBuildFile; fileRef = E76BBCDD241F943200A6DBE0 /* JLSegementSlideScrollView.m */; };
		E76BBCE1241F965F00A6DBE0 /* JLSegementSlideViewController.m in Sources */ = {isa = PBXBuildFile; fileRef = E76BBCE0241F965F00A6DBE0 /* JLSegementSlideViewController.m */; };
		E76BBCF024207B0000A6DBE0 /* JLSegementSlideViewController+Extention.m in Sources */ = {isa = PBXBuildFile; fileRef = E76BBCEF24207B0000A6DBE0 /* JLSegementSlideViewController+Extention.m */; };
		E76BBCF62420D8FA00A6DBE0 /* JLTransparentSlideViewController.m in Sources */ = {isa = PBXBuildFile; fileRef = E76BBCF52420D8FA00A6DBE0 /* JLTransparentSlideViewController.m */; };
		E7C869D9241648BB0078441B /* AppDelegate.m in Sources */ = {isa = PBXBuildFile; fileRef = E7C869D8241648BB0078441B /* AppDelegate.m */; };
		E7C869DC241648BB0078441B /* SceneDelegate.m in Sources */ = {isa = PBXBuildFile; fileRef = E7C869DB241648BB0078441B /* SceneDelegate.m */; };
		E7C869DF241648BB0078441B /* ViewController.m in Sources */ = {isa = PBXBuildFile; fileRef = E7C869DE241648BB0078441B /* ViewController.m */; };
		E7C869E2241648BB0078441B /* Main.storyboard in Resources */ = {isa = PBXBuildFile; fileRef = E7C869E0241648BB0078441B /* Main.storyboard */; };
		E7C869E4241648BC0078441B /* Assets.xcassets in Resources */ = {isa = PBXBuildFile; fileRef = E7C869E3241648BC0078441B /* Assets.xcassets */; };
		E7C869E7241648BC0078441B /* LaunchScreen.storyboard in Resources */ = {isa = PBXBuildFile; fileRef = E7C869E5241648BC0078441B /* LaunchScreen.storyboard */; };
		E7C869EA241648BC0078441B /* main.m in Sources */ = {isa = PBXBuildFile; fileRef = E7C869E9241648BC0078441B /* main.m */; };
		E7C869F3241649DF0078441B /* NSString+JLBounding.m in Sources */ = {isa = PBXBuildFile; fileRef = E7C869F2241649DF0078441B /* NSString+JLBounding.m */; };
		E7C869F624164BA40078441B /* UIView+JLConstraint.m in Sources */ = {isa = PBXBuildFile; fileRef = E7C869F524164BA40078441B /* UIView+JLConstraint.m */; };
		E7C869F9241654610078441B /* JLSegmentSlideSwitcherSharedConfig.m in Sources */ = {isa = PBXBuildFile; fileRef = E7C869F8241654610078441B /* JLSegmentSlideSwitcherSharedConfig.m */; };
		E7C869FD241658210078441B /* JLSegementSlideSwitcherView.m in Sources */ = {isa = PBXBuildFile; fileRef = E7C869FC241658210078441B /* JLSegementSlideSwitcherView.m */; };
/* End PBXBuildFile section */

/* Begin PBXFileReference section */
		E741F1032421D7690029EC1D /* LanguageCenterViewController.h */ = {isa = PBXFileReference; lastKnownFileType = sourcecode.c.h; path = LanguageCenterViewController.h; sourceTree = "<group>"; };
		E741F1042421D7690029EC1D /* LanguageCenterViewController.m */ = {isa = PBXFileReference; lastKnownFileType = sourcecode.c.objc; path = LanguageCenterViewController.m; sourceTree = "<group>"; };
		E741F1072421F33B0029EC1D /* JLConfigManager.h */ = {isa = PBXFileReference; lastKnownFileType = sourcecode.c.h; path = JLConfigManager.h; sourceTree = "<group>"; };
		E741F1082421F33B0029EC1D /* JLConfigManager.m */ = {isa = PBXFileReference; lastKnownFileType = sourcecode.c.objc; path = JLConfigManager.m; sourceTree = "<group>"; };
		E741F10A2421F6B80029EC1D /* CALayer+Extension.h */ = {isa = PBXFileReference; lastKnownFileType = sourcecode.c.h; path = "CALayer+Extension.h"; sourceTree = "<group>"; };
		E741F10B2421F6B80029EC1D /* CALayer+Extension.m */ = {isa = PBXFileReference; lastKnownFileType = sourcecode.c.objc; path = "CALayer+Extension.m"; sourceTree = "<group>"; };
		E741F10D2421FBEB0029EC1D /* KKUserDetailHeaderView.xib */ = {isa = PBXFileReference; fileEncoding = 4; lastKnownFileType = file.xib; path = KKUserDetailHeaderView.xib; sourceTree = "<group>"; };
		E741F10E2421FBEB0029EC1D /* KKUserDetailHeaderView.h */ = {isa = PBXFileReference; fileEncoding = 4; lastKnownFileType = sourcecode.c.h; path = KKUserDetailHeaderView.h; sourceTree = "<group>"; };
		E741F10F2421FBEB0029EC1D /* KKUserDetailHeaderView.m */ = {isa = PBXFileReference; fileEncoding = 4; lastKnownFileType = sourcecode.c.objc; path = KKUserDetailHeaderView.m; sourceTree = "<group>"; };
		E741F113242213B20029EC1D /* JLContentTableViewController.h */ = {isa = PBXFileReference; lastKnownFileType = sourcecode.c.h; path = JLContentTableViewController.h; sourceTree = "<group>"; };
		E741F114242213B20029EC1D /* JLContentTableViewController.m */ = {isa = PBXFileReference; lastKnownFileType = sourcecode.c.objc; path = JLContentTableViewController.m; sourceTree = "<group>"; };
		E76BBCC6241F24F000A6DBE0 /* JLBadgeView.h */ = {isa = PBXFileReference; lastKnownFileType = sourcecode.c.h; path = JLBadgeView.h; sourceTree = "<group>"; };
		E76BBCC7241F24F000A6DBE0 /* JLBadgeView.m */ = {isa = PBXFileReference; lastKnownFileType = sourcecode.c.objc; path = JLBadgeView.m; sourceTree = "<group>"; };
		E76BBCD2241F6FB100A6DBE0 /* JLSegementSlideContentView.h */ = {isa = PBXFileReference; lastKnownFileType = sourcecode.c.h; path = JLSegementSlideContentView.h; sourceTree = "<group>"; };
		E76BBCD3241F6FB100A6DBE0 /* JLSegementSlideContentView.m */ = {isa = PBXFileReference; lastKnownFileType = sourcecode.c.objc; path = JLSegementSlideContentView.m; sourceTree = "<group>"; };
		E76BBCD5241F8D8300A6DBE0 /* JLSegementSlideHeaderView.h */ = {isa = PBXFileReference; lastKnownFileType = sourcecode.c.h; path = JLSegementSlideHeaderView.h; sourceTree = "<group>"; };
		E76BBCD6241F8D8300A6DBE0 /* JLSegementSlideHeaderView.m */ = {isa = PBXFileReference; lastKnownFileType = sourcecode.c.objc; path = JLSegementSlideHeaderView.m; sourceTree = "<group>"; };
		E76BBCDC241F943200A6DBE0 /* JLSegementSlideScrollView.h */ = {isa = PBXFileReference; lastKnownFileType = sourcecode.c.h; path = JLSegementSlideScrollView.h; sourceTree = "<group>"; };
		E76BBCDD241F943200A6DBE0 /* JLSegementSlideScrollView.m */ = {isa = PBXFileReference; lastKnownFileType = sourcecode.c.objc; path = JLSegementSlideScrollView.m; sourceTree = "<group>"; };
		E76BBCDF241F965F00A6DBE0 /* JLSegementSlideViewController.h */ = {isa = PBXFileReference; lastKnownFileType = sourcecode.c.h; path = JLSegementSlideViewController.h; sourceTree = "<group>"; };
		E76BBCE0241F965F00A6DBE0 /* JLSegementSlideViewController.m */ = {isa = PBXFileReference; lastKnownFileType = sourcecode.c.objc; path = JLSegementSlideViewController.m; sourceTree = "<group>"; };
		E76BBCEE24207B0000A6DBE0 /* JLSegementSlideViewController+Extention.h */ = {isa = PBXFileReference; lastKnownFileType = sourcecode.c.h; path = "JLSegementSlideViewController+Extention.h"; sourceTree = "<group>"; };
		E76BBCEF24207B0000A6DBE0 /* JLSegementSlideViewController+Extention.m */ = {isa = PBXFileReference; lastKnownFileType = sourcecode.c.objc; path = "JLSegementSlideViewController+Extention.m"; sourceTree = "<group>"; };
		E76BBCF42420D8FA00A6DBE0 /* JLTransparentSlideViewController.h */ = {isa = PBXFileReference; lastKnownFileType = sourcecode.c.h; path = JLTransparentSlideViewController.h; sourceTree = "<group>"; };
		E76BBCF52420D8FA00A6DBE0 /* JLTransparentSlideViewController.m */ = {isa = PBXFileReference; lastKnownFileType = sourcecode.c.objc; path = JLTransparentSlideViewController.m; sourceTree = "<group>"; };
		E7C869D4241648BB0078441B /* JLSegementSlide.app */ = {isa = PBXFileReference; explicitFileType = wrapper.application; includeInIndex = 0; path = JLSegementSlide.app; sourceTree = BUILT_PRODUCTS_DIR; };
		E7C869D7241648BB0078441B /* AppDelegate.h */ = {isa = PBXFileReference; lastKnownFileType = sourcecode.c.h; path = AppDelegate.h; sourceTree = "<group>"; };
		E7C869D8241648BB0078441B /* AppDelegate.m */ = {isa = PBXFileReference; lastKnownFileType = sourcecode.c.objc; path = AppDelegate.m; sourceTree = "<group>"; };
		E7C869DA241648BB0078441B /* SceneDelegate.h */ = {isa = PBXFileReference; lastKnownFileType = sourcecode.c.h; path = SceneDelegate.h; sourceTree = "<group>"; };
		E7C869DB241648BB0078441B /* SceneDelegate.m */ = {isa = PBXFileReference; lastKnownFileType = sourcecode.c.objc; path = SceneDelegate.m; sourceTree = "<group>"; };
		E7C869DD241648BB0078441B /* ViewController.h */ = {isa = PBXFileReference; lastKnownFileType = sourcecode.c.h; path = ViewController.h; sourceTree = "<group>"; };
		E7C869DE241648BB0078441B /* ViewController.m */ = {isa = PBXFileReference; lastKnownFileType = sourcecode.c.objc; path = ViewController.m; sourceTree = "<group>"; };
		E7C869E1241648BB0078441B /* Base */ = {isa = PBXFileReference; lastKnownFileType = file.storyboard; name = Base; path = Base.lproj/Main.storyboard; sourceTree = "<group>"; };
		E7C869E3241648BC0078441B /* Assets.xcassets */ = {isa = PBXFileReference; lastKnownFileType = folder.assetcatalog; path = Assets.xcassets; sourceTree = "<group>"; };
		E7C869E6241648BC0078441B /* Base */ = {isa = PBXFileReference; lastKnownFileType = file.storyboard; name = Base; path = Base.lproj/LaunchScreen.storyboard; sourceTree = "<group>"; };
		E7C869E8241648BC0078441B /* Info.plist */ = {isa = PBXFileReference; lastKnownFileType = text.plist.xml; path = Info.plist; sourceTree = "<group>"; };
		E7C869E9241648BC0078441B /* main.m */ = {isa = PBXFileReference; lastKnownFileType = sourcecode.c.objc; path = main.m; sourceTree = "<group>"; };
		E7C869F1241649DF0078441B /* NSString+JLBounding.h */ = {isa = PBXFileReference; lastKnownFileType = sourcecode.c.h; path = "NSString+JLBounding.h"; sourceTree = "<group>"; };
		E7C869F2241649DF0078441B /* NSString+JLBounding.m */ = {isa = PBXFileReference; lastKnownFileType = sourcecode.c.objc; path = "NSString+JLBounding.m"; sourceTree = "<group>"; };
		E7C869F424164BA40078441B /* UIView+JLConstraint.h */ = {isa = PBXFileReference; lastKnownFileType = sourcecode.c.h; path = "UIView+JLConstraint.h"; sourceTree = "<group>"; };
		E7C869F524164BA40078441B /* UIView+JLConstraint.m */ = {isa = PBXFileReference; lastKnownFileType = sourcecode.c.objc; path = "UIView+JLConstraint.m"; sourceTree = "<group>"; };
		E7C869F7241654610078441B /* JLSegmentSlideSwitcherSharedConfig.h */ = {isa = PBXFileReference; lastKnownFileType = sourcecode.c.h; path = JLSegmentSlideSwitcherSharedConfig.h; sourceTree = "<group>"; };
		E7C869F8241654610078441B /* JLSegmentSlideSwitcherSharedConfig.m */ = {isa = PBXFileReference; lastKnownFileType = sourcecode.c.objc; path = JLSegmentSlideSwitcherSharedConfig.m; sourceTree = "<group>"; };
		E7C869FA241654A70078441B /* JLSegmentSlideConst.h */ = {isa = PBXFileReference; lastKnownFileType = sourcecode.c.h; path = JLSegmentSlideConst.h; sourceTree = "<group>"; };
		E7C869FB241658210078441B /* JLSegementSlideSwitcherView.h */ = {isa = PBXFileReference; lastKnownFileType = sourcecode.c.h; path = JLSegementSlideSwitcherView.h; sourceTree = "<group>"; };
		E7C869FC241658210078441B /* JLSegementSlideSwitcherView.m */ = {isa = PBXFileReference; lastKnownFileType = sourcecode.c.objc; path = JLSegementSlideSwitcherView.m; sourceTree = "<group>"; };
/* End PBXFileReference section */

/* Begin PBXFrameworksBuildPhase section */
		E7C869D1241648BB0078441B /* Frameworks */ = {
			isa = PBXFrameworksBuildPhase;
			buildActionMask = 2147483647;
			files = (
			);
			runOnlyForDeploymentPostprocessing = 0;
		};
/* End PBXFrameworksBuildPhase section */

/* Begin PBXGroup section */
		E741F1062421F2E60029EC1D /* ViewControllers */ = {
			isa = PBXGroup;
			children = (
				E741F10E2421FBEB0029EC1D /* KKUserDetailHeaderView.h */,
				E741F10F2421FBEB0029EC1D /* KKUserDetailHeaderView.m */,
				E741F10D2421FBEB0029EC1D /* KKUserDetailHeaderView.xib */,
				E741F1032421D7690029EC1D /* LanguageCenterViewController.h */,
				E741F1042421D7690029EC1D /* LanguageCenterViewController.m */,
				E741F1072421F33B0029EC1D /* JLConfigManager.h */,
				E741F1082421F33B0029EC1D /* JLConfigManager.m */,
				E741F113242213B20029EC1D /* JLContentTableViewController.h */,
				E741F114242213B20029EC1D /* JLContentTableViewController.m */,
			);
			path = ViewControllers;
			sourceTree = "<group>";
		};
		E76BBCCC241F5DD300A6DBE0 /* Badge */ = {
			isa = PBXGroup;
			children = (
				E76BBCC6241F24F000A6DBE0 /* JLBadgeView.h */,
				E76BBCC7241F24F000A6DBE0 /* JLBadgeView.m */,
			);
			path = Badge;
			sourceTree = "<group>";
		};
		E76BBCD1241F6F9A00A6DBE0 /* Content */ = {
			isa = PBXGroup;
			children = (
				E76BBCD2241F6FB100A6DBE0 /* JLSegementSlideContentView.h */,
				E76BBCD3241F6FB100A6DBE0 /* JLSegementSlideContentView.m */,
			);
			path = Content;
			sourceTree = "<group>";
		};
		E76BBCD8241F92EE00A6DBE0 /* Header */ = {
			isa = PBXGroup;
			children = (
				E76BBCD5241F8D8300A6DBE0 /* JLSegementSlideHeaderView.h */,
				E76BBCD6241F8D8300A6DBE0 /* JLSegementSlideHeaderView.m */,
			);
			path = Header;
			sourceTree = "<group>";
		};
		E76BBCD9241F930500A6DBE0 /* Segment */ = {
			isa = PBXGroup;
			children = (
				E7C869FB241658210078441B /* JLSegementSlideSwitcherView.h */,
				E7C869FC241658210078441B /* JLSegementSlideSwitcherView.m */,
				E7C869F7241654610078441B /* JLSegmentSlideSwitcherSharedConfig.h */,
				E7C869F8241654610078441B /* JLSegmentSlideSwitcherSharedConfig.m */,
			);
			path = Segment;
			sourceTree = "<group>";
		};
		E76BBCDA241F933D00A6DBE0 /* Utils */ = {
			isa = PBXGroup;
			children = (
				E7C869F1241649DF0078441B /* NSString+JLBounding.h */,
				E7C869F2241649DF0078441B /* NSString+JLBounding.m */,
				E7C869F424164BA40078441B /* UIView+JLConstraint.h */,
				E7C869F524164BA40078441B /* UIView+JLConstraint.m */,
				E741F10A2421F6B80029EC1D /* CALayer+Extension.h */,
				E741F10B2421F6B80029EC1D /* CALayer+Extension.m */,
			);
			path = Utils;
			sourceTree = "<group>";
		};
		E76BBCDB241F935500A6DBE0 /* General */ = {
			isa = PBXGroup;
			children = (
				E76BBCDC241F943200A6DBE0 /* JLSegementSlideScrollView.h */,
				E76BBCDD241F943200A6DBE0 /* JLSegementSlideScrollView.m */,
				E76BBCDF241F965F00A6DBE0 /* JLSegementSlideViewController.h */,
				E76BBCE0241F965F00A6DBE0 /* JLSegementSlideViewController.m */,
				E76BBCEE24207B0000A6DBE0 /* JLSegementSlideViewController+Extention.h */,
				E76BBCEF24207B0000A6DBE0 /* JLSegementSlideViewController+Extention.m */,
				E76BBCF42420D8FA00A6DBE0 /* JLTransparentSlideViewController.h */,
				E76BBCF52420D8FA00A6DBE0 /* JLTransparentSlideViewController.m */,
			);
			path = General;
			sourceTree = "<group>";
		};
		E7C869CB241648BB0078441B = {
			isa = PBXGroup;
			children = (
				E7C869D6241648BB0078441B /* JLSegementSlide */,
				E7C869D5241648BB0078441B /* Products */,
			);
			sourceTree = "<group>";
		};
		E7C869D5241648BB0078441B /* Products */ = {
			isa = PBXGroup;
			children = (
				E7C869D4241648BB0078441B /* JLSegementSlide.app */,
			);
			name = Products;
			sourceTree = "<group>";
		};
		E7C869D6241648BB0078441B /* JLSegementSlide */ = {
			isa = PBXGroup;
			children = (
				E7C869F0241649080078441B /* Source */,
				E7C869D7241648BB0078441B /* AppDelegate.h */,
				E7C869D8241648BB0078441B /* AppDelegate.m */,
				E741F1062421F2E60029EC1D /* ViewControllers */,
				E7C869DA241648BB0078441B /* SceneDelegate.h */,
				E7C869DB241648BB0078441B /* SceneDelegate.m */,
				E7C869DD241648BB0078441B /* ViewController.h */,
				E7C869DE241648BB0078441B /* ViewController.m */,
				E7C869E0241648BB0078441B /* Main.storyboard */,
				E7C869E3241648BC0078441B /* Assets.xcassets */,
				E7C869E5241648BC0078441B /* LaunchScreen.storyboard */,
				E7C869E8241648BC0078441B /* Info.plist */,
				E7C869E9241648BC0078441B /* main.m */,
			);
			path = JLSegementSlide;
			sourceTree = "<group>";
		};
		E7C869F0241649080078441B /* Source */ = {
			isa = PBXGroup;
			children = (
				E7C869FA241654A70078441B /* JLSegmentSlideConst.h */,
				E76BBCDB241F935500A6DBE0 /* General */,
				E76BBCD8241F92EE00A6DBE0 /* Header */,
				E76BBCD1241F6F9A00A6DBE0 /* Content */,
				E76BBCCC241F5DD300A6DBE0 /* Badge */,
				E76BBCDA241F933D00A6DBE0 /* Utils */,
				E76BBCD9241F930500A6DBE0 /* Segment */,
			);
			path = Source;
			sourceTree = "<group>";
		};
/* End PBXGroup section */

/* Begin PBXNativeTarget section */
		E7C869D3241648BB0078441B /* JLSegementSlide */ = {
			isa = PBXNativeTarget;
			buildConfigurationList = E7C869ED241648BC0078441B /* Build configuration list for PBXNativeTarget "JLSegementSlide" */;
			buildPhases = (
				E7C869D0241648BB0078441B /* Sources */,
				E7C869D1241648BB0078441B /* Frameworks */,
				E7C869D2241648BB0078441B /* Resources */,
			);
			buildRules = (
			);
			dependencies = (
			);
			name = JLSegementSlide;
			productName = JLSegementSlide;
			productReference = E7C869D4241648BB0078441B /* JLSegementSlide.app */;
			productType = "com.apple.product-type.application";
		};
/* End PBXNativeTarget section */

/* Begin PBXProject section */
		E7C869CC241648BB0078441B /* Project object */ = {
			isa = PBXProject;
			attributes = {
				LastUpgradeCheck = 1130;
				ORGANIZATIONNAME = Jacklin;
				TargetAttributes = {
					E7C869D3241648BB0078441B = {
						CreatedOnToolsVersion = 11.3;
					};
				};
			};
			buildConfigurationList = E7C869CF241648BB0078441B /* Build configuration list for PBXProject "JLSegementSlide" */;
			compatibilityVersion = "Xcode 9.3";
			developmentRegion = en;
			hasScannedForEncodings = 0;
			knownRegions = (
				en,
				Base,
			);
			mainGroup = E7C869CB241648BB0078441B;
			productRefGroup = E7C869D5241648BB0078441B /* Products */;
			projectDirPath = "";
			projectRoot = "";
			targets = (
				E7C869D3241648BB0078441B /* JLSegementSlide */,
			);
		};
/* End PBXProject section */

/* Begin PBXResourcesBuildPhase section */
		E7C869D2241648BB0078441B /* Resources */ = {
			isa = PBXResourcesBuildPhase;
			buildActionMask = 2147483647;
			files = (
				E7C869E7241648BC0078441B /* LaunchScreen.storyboard in Resources */,
				E7C869E4241648BC0078441B /* Assets.xcassets in Resources */,
				E7C869E2241648BB0078441B /* Main.storyboard in Resources */,
				E741F1102421FBEB0029EC1D /* KKUserDetailHeaderView.xib in Resources */,
			);
			runOnlyForDeploymentPostprocessing = 0;
		};
/* End PBXResourcesBuildPhase section */

/* Begin PBXSourcesBuildPhase section */
		E7C869D0241648BB0078441B /* Sources */ = {
			isa = PBXSourcesBuildPhase;
			buildActionMask = 2147483647;
			files = (
				E7C869DF241648BB0078441B /* ViewController.m in Sources */,
				E76BBCE1241F965F00A6DBE0 /* JLSegementSlideViewController.m in Sources */,
				E76BBCD7241F8D8300A6DBE0 /* JLSegementSlideHeaderView.m in Sources */,
				E7C869D9241648BB0078441B /* AppDelegate.m in Sources */,
				E741F1112421FBEB0029EC1D /* KKUserDetailHeaderView.m in Sources */,
				E76BBCDE241F943200A6DBE0 /* JLSegementSlideScrollView.m in Sources */,
				E76BBCD4241F6FB100A6DBE0 /* JLSegementSlideContentView.m in Sources */,
				E76BBCC8241F24F000A6DBE0 /* JLBadgeView.m in Sources */,
				E741F10C2421F6B80029EC1D /* CALayer+Extension.m in Sources */,
				E7C869EA241648BC0078441B /* main.m in Sources */,
				E76BBCF62420D8FA00A6DBE0 /* JLTransparentSlideViewController.m in Sources */,
				E7C869FD241658210078441B /* JLSegementSlideSwitcherView.m in Sources */,
				E741F1092421F33B0029EC1D /* JLConfigManager.m in Sources */,
				E741F115242213B20029EC1D /* JLContentTableViewController.m in Sources */,
				E76BBCF024207B0000A6DBE0 /* JLSegementSlideViewController+Extention.m in Sources */,
				E7C869DC241648BB0078441B /* SceneDelegate.m in Sources */,
				E7C869F9241654610078441B /* JLSegmentSlideSwitcherSharedConfig.m in Sources */,
				E741F1052421D7690029EC1D /* LanguageCenterViewController.m in Sources */,
				E7C869F3241649DF0078441B /* NSString+JLBounding.m in Sources */,
				E7C869F624164BA40078441B /* UIView+JLConstraint.m in Sources */,
			);
			runOnlyForDeploymentPostprocessing = 0;
		};
/* End PBXSourcesBuildPhase section */

/* Begin PBXVariantGroup section */
		E7C869E0241648BB0078441B /* Main.storyboard */ = {
			isa = PBXVariantGroup;
			children = (
				E7C869E1241648BB0078441B /* Base */,
			);
			name = Main.storyboard;
			sourceTree = "<group>";
		};
		E7C869E5241648BC0078441B /* LaunchScreen.storyboard */ = {
			isa = PBXVariantGroup;
			children = (
				E7C869E6241648BC0078441B /* Base */,
			);
			name = LaunchScreen.storyboard;
			sourceTree = "<group>";
		};
/* End PBXVariantGroup section */

/* Begin XCBuildConfiguration section */
		E7C869EB241648BC0078441B /* Debug */ = {
			isa = XCBuildConfiguration;
			buildSettings = {
				ALWAYS_SEARCH_USER_PATHS = NO;
				CLANG_ANALYZER_NONNULL = YES;
				CLANG_ANALYZER_NUMBER_OBJECT_CONVERSION = YES_AGGRESSIVE;
				CLANG_CXX_LANGUAGE_STANDARD = "gnu++14";
				CLANG_CXX_LIBRARY = "libc++";
				CLANG_ENABLE_MODULES = YES;
				CLANG_ENABLE_OBJC_ARC = YES;
				CLANG_ENABLE_OBJC_WEAK = YES;
				CLANG_WARN_BLOCK_CAPTURE_AUTORELEASING = YES;
				CLANG_WARN_BOOL_CONVERSION = YES;
				CLANG_WARN_COMMA = YES;
				CLANG_WARN_CONSTANT_CONVERSION = YES;
				CLANG_WARN_DEPRECATED_OBJC_IMPLEMENTATIONS = YES;
				CLANG_WARN_DIRECT_OBJC_ISA_USAGE = YES_ERROR;
				CLANG_WARN_DOCUMENTATION_COMMENTS = YES;
				CLANG_WARN_EMPTY_BODY = YES;
				CLANG_WARN_ENUM_CONVERSION = YES;
				CLANG_WARN_INFINITE_RECURSION = YES;
				CLANG_WARN_INT_CONVERSION = YES;
				CLANG_WARN_NON_LITERAL_NULL_CONVERSION = YES;
				CLANG_WARN_OBJC_IMPLICIT_RETAIN_SELF = YES;
				CLANG_WARN_OBJC_LITERAL_CONVERSION = YES;
				CLANG_WARN_OBJC_ROOT_CLASS = YES_ERROR;
				CLANG_WARN_RANGE_LOOP_ANALYSIS = YES;
				CLANG_WARN_STRICT_PROTOTYPES = YES;
				CLANG_WARN_SUSPICIOUS_MOVE = YES;
				CLANG_WARN_UNGUARDED_AVAILABILITY = YES_AGGRESSIVE;
				CLANG_WARN_UNREACHABLE_CODE = YES;
				CLANG_WARN__DUPLICATE_METHOD_MATCH = YES;
				COPY_PHASE_STRIP = NO;
				DEBUG_INFORMATION_FORMAT = dwarf;
				ENABLE_STRICT_OBJC_MSGSEND = YES;
				ENABLE_TESTABILITY = YES;
				GCC_C_LANGUAGE_STANDARD = gnu11;
				GCC_DYNAMIC_NO_PIC = NO;
				GCC_NO_COMMON_BLOCKS = YES;
				GCC_OPTIMIZATION_LEVEL = 0;
				GCC_PREPROCESSOR_DEFINITIONS = (
					"DEBUG=1",
					"$(inherited)",
				);
				GCC_WARN_64_TO_32_BIT_CONVERSION = YES;
				GCC_WARN_ABOUT_RETURN_TYPE = YES_ERROR;
				GCC_WARN_UNDECLARED_SELECTOR = YES;
				GCC_WARN_UNINITIALIZED_AUTOS = YES_AGGRESSIVE;
				GCC_WARN_UNUSED_FUNCTION = YES;
				GCC_WARN_UNUSED_VARIABLE = YES;
				IPHONEOS_DEPLOYMENT_TARGET = 13.2;
				MTL_ENABLE_DEBUG_INFO = INCLUDE_SOURCE;
				MTL_FAST_MATH = YES;
				ONLY_ACTIVE_ARCH = YES;
				SDKROOT = iphoneos;
			};
			name = Debug;
		};
		E7C869EC241648BC0078441B /* Release */ = {
			isa = XCBuildConfiguration;
			buildSettings = {
				ALWAYS_SEARCH_USER_PATHS = NO;
				CLANG_ANALYZER_NONNULL = YES;
				CLANG_ANALYZER_NUMBER_OBJECT_CONVERSION = YES_AGGRESSIVE;
				CLANG_CXX_LANGUAGE_STANDARD = "gnu++14";
				CLANG_CXX_LIBRARY = "libc++";
				CLANG_ENABLE_MODULES = YES;
				CLANG_ENABLE_OBJC_ARC = YES;
				CLANG_ENABLE_OBJC_WEAK = YES;
				CLANG_WARN_BLOCK_CAPTURE_AUTORELEASING = YES;
				CLANG_WARN_BOOL_CONVERSION = YES;
				CLANG_WARN_COMMA = YES;
				CLANG_WARN_CONSTANT_CONVERSION = YES;
				CLANG_WARN_DEPRECATED_OBJC_IMPLEMENTATIONS = YES;
				CLANG_WARN_DIRECT_OBJC_ISA_USAGE = YES_ERROR;
				CLANG_WARN_DOCUMENTATION_COMMENTS = YES;
				CLANG_WARN_EMPTY_BODY = YES;
				CLANG_WARN_ENUM_CONVERSION = YES;
				CLANG_WARN_INFINITE_RECURSION = YES;
				CLANG_WARN_INT_CONVERSION = YES;
				CLANG_WARN_NON_LITERAL_NULL_CONVERSION = YES;
				CLANG_WARN_OBJC_IMPLICIT_RETAIN_SELF = YES;
				CLANG_WARN_OBJC_LITERAL_CONVERSION = YES;
				CLANG_WARN_OBJC_ROOT_CLASS = YES_ERROR;
				CLANG_WARN_RANGE_LOOP_ANALYSIS = YES;
				CLANG_WARN_STRICT_PROTOTYPES = YES;
				CLANG_WARN_SUSPICIOUS_MOVE = YES;
				CLANG_WARN_UNGUARDED_AVAILABILITY = YES_AGGRESSIVE;
				CLANG_WARN_UNREACHABLE_CODE = YES;
				CLANG_WARN__DUPLICATE_METHOD_MATCH = YES;
				COPY_PHASE_STRIP = NO;
				DEBUG_INFORMATION_FORMAT = "dwarf-with-dsym";
				ENABLE_NS_ASSERTIONS = NO;
				ENABLE_STRICT_OBJC_MSGSEND = YES;
				GCC_C_LANGUAGE_STANDARD = gnu11;
				GCC_NO_COMMON_BLOCKS = YES;
				GCC_WARN_64_TO_32_BIT_CONVERSION = YES;
				GCC_WARN_ABOUT_RETURN_TYPE = YES_ERROR;
				GCC_WARN_UNDECLARED_SELECTOR = YES;
				GCC_WARN_UNINITIALIZED_AUTOS = YES_AGGRESSIVE;
				GCC_WARN_UNUSED_FUNCTION = YES;
				GCC_WARN_UNUSED_VARIABLE = YES;
				IPHONEOS_DEPLOYMENT_TARGET = 13.2;
				MTL_ENABLE_DEBUG_INFO = NO;
				MTL_FAST_MATH = YES;
				SDKROOT = iphoneos;
				VALIDATE_PRODUCT = YES;
			};
			name = Release;
		};
		E7C869EE241648BC0078441B /* Debug */ = {
			isa = XCBuildConfiguration;
			buildSettings = {
				ASSETCATALOG_COMPILER_APPICON_NAME = AppIcon;
				CODE_SIGN_STYLE = Automatic;
				DEVELOPMENT_TEAM = R5AQ989QZD;
				INFOPLIST_FILE = JLSegementSlide/Info.plist;
				IPHONEOS_DEPLOYMENT_TARGET = 9.0;
				LD_RUNPATH_SEARCH_PATHS = (
					"$(inherited)",
					"@executable_path/Frameworks",
				);
				PRODUCT_BUNDLE_IDENTIFIER = com.jack.lin.JLSegementSlide;
				PRODUCT_NAME = "$(TARGET_NAME)";
				TARGETED_DEVICE_FAMILY = "1,2";
			};
			name = Debug;
		};
		E7C869EF241648BC0078441B /* Release */ = {
			isa = XCBuildConfiguration;
			buildSettings = {
				ASSETCATALOG_COMPILER_APPICON_NAME = AppIcon;
				CODE_SIGN_STYLE = Automatic;
				DEVELOPMENT_TEAM = R5AQ989QZD;
				INFOPLIST_FILE = JLSegementSlide/Info.plist;
				IPHONEOS_DEPLOYMENT_TARGET = 9.0;
				LD_RUNPATH_SEARCH_PATHS = (
					"$(inherited)",
					"@executable_path/Frameworks",
				);
				PRODUCT_BUNDLE_IDENTIFIER = com.jack.lin.JLSegementSlide;
				PRODUCT_NAME = "$(TARGET_NAME)";
				TARGETED_DEVICE_FAMILY = "1,2";
			};
			name = Release;
		};
/* End XCBuildConfiguration section */

/* Begin XCConfigurationList section */
		E7C869CF241648BB0078441B /* Build configuration list for PBXProject "JLSegementSlide" */ = {
			isa = XCConfigurationList;
			buildConfigurations = (
				E7C869EB241648BC0078441B /* Debug */,
				E7C869EC241648BC0078441B /* Release */,
			);
			defaultConfigurationIsVisible = 0;
			defaultConfigurationName = Release;
		};
		E7C869ED241648BC0078441B /* Build configuration list for PBXNativeTarget "JLSegementSlide" */ = {
			isa = XCConfigurationList;
			buildConfigurations = (
				E7C869EE241648BC0078441B /* Debug */,
				E7C869EF241648BC0078441B /* Release */,
			);
			defaultConfigurationIsVisible = 0;
			defaultConfigurationName = Release;
		};
/* End XCConfigurationList section */
	};
	rootObject = E7C869CC241648BB0078441B /* Project object */;
}
